{
  "name": "play-with-signals",
  "version": "1.0.0",
  "lockfileVersion": 2,
  "requires": true,
  "packages": {
    "": {
      "name": "play-with-signals",
      "version": "1.0.0",
      "license": "ISC",
      "dependencies": {
        "@preact/signals": "^1.0.3",
        "preact": "^10.10.6",
        "twind": "^0.16.17"
      },
      "devDependencies": {
        "wmr": "^3.7.2"
      }
    },
    "node_modules/@preact/signals": {
      "version": "1.0.3",
      "resolved": "https://registry.npmjs.org/@preact/signals/-/signals-1.0.3.tgz",
      "integrity": "sha512-aBUYPBzdw+UD99t3n2v+OKecjaA2SnvImLDKH7jZtgwPE6E4Jr+B+H3P1tYty+bRsIKnHuFcvYUIZJAP1armFw==",
      "dependencies": {
        "@preact/signals-core": "^1.0.1"
      },
      "funding": {
        "type": "opencollective",
        "url": "https://opencollective.com/preact"
      },
      "peerDependencies": {
        "preact": "10.x"
      }
    },
    "node_modules/@preact/signals-core": {
      "version": "1.0.1",
      "resolved": "https://registry.npmjs.org/@preact/signals-core/-/signals-core-1.0.1.tgz",
      "integrity": "sha512-1yBu72jd80QWdp8WvNFBg7K+0REv+NqJg1CGIwAl5kJ+qE7I06Lm2+K3z2qVZmABiDjQgjU2vKA9yEjniWv5uA==",
      "funding": {
        "type": "opencollective",
        "url": "https://opencollective.com/preact"
      }
    },
    "node_modules/csstype": {
      "version": "3.1.0",
      "resolved": "https://registry.npmjs.org/csstype/-/csstype-3.1.0.tgz",
      "integrity": "sha512-uX1KG+x9h5hIJsaKR9xHUeUraxf8IODOwq9JLNPq6BwB04a/xgpq3rcx47l5BZu5zBPlgD342tdke3Hom/nJRA=="
    },
    "node_modules/dom-serializer": {
      "version": "1.4.1",
      "resolved": "https://registry.npmjs.org/dom-serializer/-/dom-serializer-1.4.1.tgz",
      "integrity": "sha512-VHwB3KfrcOOkelEG2ZOfxqLZdfkil8PtJi4P8N2MMXucZq2yLp75ClViUlOVwyoHEDjYU433Aq+5zWP61+RGag==",
      "dependencies": {
        "domelementtype": "^2.0.1",
        "domhandler": "^4.2.0",
        "entities": "^2.0.0"
      },
      "funding": {
        "url": "https://github.com/cheeriojs/dom-serializer?sponsor=1"
      }
    },
    "node_modules/domelementtype": {
      "version": "2.3.0",
      "resolved": "https://registry.npmjs.org/domelementtype/-/domelementtype-2.3.0.tgz",
      "integrity": "sha512-OLETBj6w0OsagBwdXnPdN0cnMfF9opN69co+7ZrbfPGrdpPVNBUj02spi6B1N7wChLQiPn4CSH/zJvXw56gmHw==",
      "funding": [
        {
          "type": "github",
          "url": "https://github.com/sponsors/fb55"
        }
      ]
    },
    "node_modules/domhandler": {
      "version": "4.3.1",
      "resolved": "https://registry.npmjs.org/domhandler/-/domhandler-4.3.1.tgz",
      "integrity": "sha512-GrwoxYN+uWlzO8uhUXRl0P+kHE4GtVPfYzVLcUxPL7KNdHKj66vvlhiweIHqYYXWlw+T8iLMp42Lm67ghw4WMQ==",
      "dependencies": {
        "domelementtype": "^2.2.0"
      },
      "engines": {
        "node": ">= 4"
      },
      "funding": {
        "url": "https://github.com/fb55/domhandler?sponsor=1"
      }
    },
    "node_modules/domutils": {
      "version": "2.8.0",
      "resolved": "https://registry.npmjs.org/domutils/-/domutils-2.8.0.tgz",
      "integrity": "sha512-w96Cjofp72M5IIhpjgobBimYEfoPjx1Vx0BSX9P30WBdZW2WIKU0T1Bd0kz2eNZ9ikjKgHbEyKx8BB6H1L3h3A==",
      "dependencies": {
        "dom-serializer": "^1.0.1",
        "domelementtype": "^2.2.0",
        "domhandler": "^4.2.0"
      },
      "funding": {
        "url": "https://github.com/fb55/domutils?sponsor=1"
      }
    },
    "node_modules/entities": {
      "version": "2.2.0",
      "resolved": "https://registry.npmjs.org/entities/-/entities-2.2.0.tgz",
      "integrity": "sha512-p92if5Nz619I0w+akJrLZH0MX0Pb5DX39XOwQTtXSdQQOaYH03S1uIQp4mhOZtAXrxq4ViO67YTiLBo2638o9A==",
      "funding": {
        "url": "https://github.com/fb55/entities?sponsor=1"
      }
    },
    "node_modules/fsevents": {
      "version": "2.3.2",
      "resolved": "https://registry.npmjs.org/fsevents/-/fsevents-2.3.2.tgz",
      "integrity": "sha512-xiqMQR4xAeHTuB9uWm+fFRcIOgKBMiOBP+eXiyT7jsgVCq1bkVygt00oASowB7EdtpOHaaPgKt812P9ab+DDKA==",
      "dev": true,
      "hasInstallScript": true,
      "optional": true,
      "os": [
        "darwin"
      ],
      "engines": {
        "node": "^8.16.0 || ^10.6.0 || >=11.0.0"
      }
    },
    "node_modules/htmlparser2": {
      "version": "6.1.0",
      "resolved": "https://registry.npmjs.org/htmlparser2/-/htmlparser2-6.1.0.tgz",
      "integrity": "sha512-gyyPk6rgonLFEDGoeRgQNaEUvdJ4ktTmmUh/h2t7s+M8oPpIPxgNACWa+6ESR57kXstwqPiCut0V8NRpcwgU7A==",
      "funding": [
        "https://github.com/fb55/htmlparser2?sponsor=1",
        {
          "type": "github",
          "url": "https://github.com/sponsors/fb55"
        }
      ],
      "dependencies": {
        "domelementtype": "^2.0.1",
        "domhandler": "^4.0.0",
        "domutils": "^2.5.2",
        "entities": "^2.0.0"
      }
    },
    "node_modules/preact": {
      "version": "10.10.6",
      "resolved": "https://registry.npmjs.org/preact/-/preact-10.10.6.tgz",
      "integrity": "sha512-w0mCL5vICUAZrh1DuHEdOWBjxdO62lvcO++jbzr8UhhYcTbFkpegLH9XX+7MadjTl/y0feoqwQ/zAnzkc/EGog==",
      "funding": {
        "type": "opencollective",
        "url": "https://opencollective.com/preact"
      }
    },
    "node_modules/style-vendorizer": {
      "version": "2.2.3",
      "resolved": "https://registry.npmjs.org/style-vendorizer/-/style-vendorizer-2.2.3.tgz",
      "integrity": "sha512-/VDRsWvQAgspVy9eATN3z6itKTuyg+jW1q6UoTCQCFRqPDw8bi3E1hXIKnGw5LvXS2AQPuJ7Af4auTLYeBOLEg=="
    },
    "node_modules/twind": {
      "version": "0.16.17",
      "resolved": "https://registry.npmjs.org/twind/-/twind-0.16.17.tgz",
      "integrity": "sha512-dBKm8+ncJcIALiqBRLxA/krFEwUSjnzR+N73eKgqPtVPJqfLpkajWwKWL5xEpEQ5ypS3ffa0jJjH3/eIeuA3pw==",
      "dependencies": {
        "csstype": "^3.0.5",
        "htmlparser2": "^6.0.0",
        "style-vendorizer": "^2.0.0"
      },
      "engines": {
        "node": ">=10.13"
      },
      "peerDependencies": {
        "typescript": "^4.1.0"
      },
      "peerDependenciesMeta": {
        "typescript": {
          "optional": true
        }
      }
    },
    "node_modules/typescript": {
      "version": "4.8.2",
      "resolved": "https://registry.npmjs.org/typescript/-/typescript-4.8.2.tgz",
      "integrity": "sha512-C0I1UsrrDHo2fYI5oaCGbSejwX4ch+9Y5jTQELvovfmFkK3HHSZJB8MSJcWLmCUBzQBchCrZ9rMRV6GuNrvGtw==",
      "optional": true,
      "peer": true,
      "bin": {
        "tsc": "bin/tsc",
        "tsserver": "bin/tsserver"
      },
      "engines": {
        "node": ">=4.2.0"
      }
    },
    "node_modules/wmr": {
      "version": "3.7.2",
      "resolved": "https://registry.npmjs.org/wmr/-/wmr-3.7.2.tgz",
      "integrity": "sha512-i+e/T8J067qP2pBgq6E2gaW9qMGK+D9eGue85YM0Vflc2UuzXBP3fSS5PzvyHEKuPHZWmcFBmZRs6DU9Lkr9og==",
      "dev": true,
      "bin": {
        "wmr": "wmr.cjs"
      },
      "engines": {
        "node": ">=12.17.x"
      },
      "optionalDependencies": {
        "fsevents": "^2.1.3"
      }
    }
  },
  "dependencies": {
    "@preact/signals": {
      "version": "1.0.3",
      "resolved": "https://registry.npmjs.org/@preact/signals/-/signals-1.0.3.tgz",
      "integrity": "sha512-aBUYPBzdw+UD99t3n2v+OKecjaA2SnvImLDKH7jZtgwPE6E4Jr+B+H3P1tYty+bRsIKnHuFcvYUIZJAP1armFw==",
      "requires": {
        "@preact/signals-core": "^1.0.1"
      }
    },
    "@preact/signals-core": {
      "version": "1.0.1",
      "resolved": "https://registry.npmjs.org/@preact/signals-core/-/signals-core-1.0.1.tgz",
      "integrity": "sha512-1yBu72jd80QWdp8WvNFBg7K+0REv+NqJg1CGIwAl5kJ+qE7I06Lm2+K3z2qVZmABiDjQgjU2vKA9yEjniWv5uA=="
    },
    "csstype": {
      "version": "3.1.0",
      "resolved": "https://registry.npmjs.org/csstype/-/csstype-3.1.0.tgz",
      "integrity": "sha512-uX1KG+x9h5hIJsaKR9xHUeUraxf8IODOwq9JLNPq6BwB04a/xgpq3rcx47l5BZu5zBPlgD342tdke3Hom/nJRA=="
    },
    "dom-serializer": {
      "version": "1.4.1",
      "resolved": "https://registry.npmjs.org/dom-serializer/-/dom-serializer-1.4.1.tgz",
      "integrity": "sha512-VHwB3KfrcOOkelEG2ZOfxqLZdfkil8PtJi4P8N2MMXucZq2yLp75ClViUlOVwyoHEDjYU433Aq+5zWP61+RGag==",
      "requires": {
        "domelementtype": "^2.0.1",
        "domhandler": "^4.2.0",
        "entities": "^2.0.0"
      }
    },
    "domelementtype": {
      "version": "2.3.0",
      "resolved": "https://registry.npmjs.org/domelementtype/-/domelementtype-2.3.0.tgz",
      "integrity": "sha512-OLETBj6w0OsagBwdXnPdN0cnMfF9opN69co+7ZrbfPGrdpPVNBUj02spi6B1N7wChLQiPn4CSH/zJvXw56gmHw=="
    },
    "domhandler": {
      "version": "4.3.1",
      "resolved": "https://registry.npmjs.org/domhandler/-/domhandler-4.3.1.tgz",
      "integrity": "sha512-GrwoxYN+uWlzO8uhUXRl0P+kHE4GtVPfYzVLcUxPL7KNdHKj66vvlhiweIHqYYXWlw+T8iLMp42Lm67ghw4WMQ==",
      "requires": {
        "domelementtype": "^2.2.0"
      }
    },
    "domutils": {
      "version": "2.8.0",
      "resolved": "https://registry.npmjs.org/domutils/-/domutils-2.8.0.tgz",
      "integrity": "sha512-w96Cjofp72M5IIhpjgobBimYEfoPjx1Vx0BSX9P30WBdZW2WIKU0T1Bd0kz2eNZ9ikjKgHbEyKx8BB6H1L3h3A==",
      "requires": {
        "dom-serializer": "^1.0.1",
        "domelementtype": "^2.2.0",
        "domhandler": "^4.2.0"
      }
    },
    "entities": {
      "version": "2.2.0",
      "resolved": "https://registry.npmjs.org/entities/-/entities-2.2.0.tgz",
      "integrity": "sha512-p92if5Nz619I0w+akJrLZH0MX0Pb5DX39XOwQTtXSdQQOaYH03S1uIQp4mhOZtAXrxq4ViO67YTiLBo2638o9A=="
    },
    "fsevents": {
      "version": "2.3.2",
      "resolved": "https://registry.npmjs.org/fsevents/-/fsevents-2.3.2.tgz",
      "integrity": "sha512-xiqMQR4xAeHTuB9uWm+fFRcIOgKBMiOBP+eXiyT7jsgVCq1bkVygt00oASowB7EdtpOHaaPgKt812P9ab+DDKA==",
      "dev": true,
      "optional": true
    },
    "htmlparser2": {
      "version": "6.1.0",
      "resolved": "https://registry.npmjs.org/htmlparser2/-/htmlparser2-6.1.0.tgz",
      "integrity": "sha512-gyyPk6rgonLFEDGoeRgQNaEUvdJ4ktTmmUh/h2t7s+M8oPpIPxgNACWa+6ESR57kXstwqPiCut0V8NRpcwgU7A==",
      "requires": {
        "domelementtype": "^2.0.1",
        "domhandler": "^4.0.0",
        "domutils": "^2.5.2",
        "entities": "^2.0.0"
      }
    },
    "preact": {
      "version": "10.10.6",
      "resolved": "https://registry.npmjs.org/preact/-/preact-10.10.6.tgz",
      "integrity": "sha512-w0mCL5vICUAZrh1DuHEdOWBjxdO62lvcO++jbzr8UhhYcTbFkpegLH9XX+7MadjTl/y0feoqwQ/zAnzkc/EGog=="
    },
    "style-vendorizer": {
      "version": "2.2.3",
      "resolved": "https://registry.npmjs.org/style-vendorizer/-/style-vendorizer-2.2.3.tgz",
      "integrity": "sha512-/VDRsWvQAgspVy9eATN3z6itKTuyg+jW1q6UoTCQCFRqPDw8bi3E1hXIKnGw5LvXS2AQPuJ7Af4auTLYeBOLEg=="
    },
    "twind": {
      "version": "0.16.17",
      "resolved": "https://registry.npmjs.org/twind/-/twind-0.16.17.tgz",
      "integrity": "sha512-dBKm8+ncJcIALiqBRLxA/krFEwUSjnzR+N73eKgqPtVPJqfLpkajWwKWL5xEpEQ5ypS3ffa0jJjH3/eIeuA3pw==",
      "requires": {
        "csstype": "^3.0.5",
        "htmlparser2": "^6.0.0",
        "style-vendorizer": "^2.0.0"
      }
    },
    "typescript": {
      "version": "4.8.2",
      "resolved": "https://registry.npmjs.org/typescript/-/typescript-4.8.2.tgz",
      "integrity": "sha512-C0I1UsrrDHo2fYI5oaCGbSejwX4ch+9Y5jTQELvovfmFkK3HHSZJB8MSJcWLmCUBzQBchCrZ9rMRV6GuNrvGtw==",
      "optional": true,
      "peer": true
    },
    "wmr": {
      "version": "3.7.2",
      "resolved": "https://registry.npmjs.org/wmr/-/wmr-3.7.2.tgz",
      "integrity": "sha512-i+e/T8J067qP2pBgq6E2gaW9qMGK+D9eGue85YM0Vflc2UuzXBP3fSS5PzvyHEKuPHZWmcFBmZRs6DU9Lkr9og==",
      "dev": true,
      "requires": {
        "fsevents": "^2.1.3"
      }
    }
  }
}
